// !$*UTF8*$!
{
	archiveVersion = 1;
	classes = {
	};
	objectVersion = 77;
	objects = {

/* Begin PBXBuildFile section */
		422D8F01DB0D4837D43F8857 /* App.swift in Sources */ = {isa = PBXBuildFile; fileRef = 99740F284BC9B6C6BDE1DF4C /* App.swift */; };
		8125F7880B327C7B32E81F23 /* HeissRunnerUITests.swift in Sources */ = {isa = PBXBuildFile; fileRef = FBD98E49E77055AB9BDC7FEB /* HeissRunnerUITests.swift */; };
		8C3433B391E5F55A805AC11C /* ControlServer.swift in Sources */ = {isa = PBXBuildFile; fileRef = F11EDE42425C8EF1F33673AC /* ControlServer.swift */; };
/* End PBXBuildFile section */

/* Begin PBXContainerItemProxy section */
		FCBD6ACDC087C07ED7AA2FAD /* PBXContainerItemProxy */ = {
			isa = PBXContainerItemProxy;
			containerPortal = DF56219DB908182DED20696E /* Project object */;
			proxyType = 1;
			remoteGlobalIDString = DDE2B84474FA105D19944712;
			remoteInfo = HeissRunner;
		};
/* End PBXContainerItemProxy section */

/* Begin PBXFileReference section */
		1F0233284175CFDCA25FB4F7 /* HeissRunnerUITests.xctest */ = {isa = PBXFileReference; includeInIndex = 0; lastKnownFileType = wrapper.cfbundle; path = HeissRunnerUITests.xctest; sourceTree = BUILT_PRODUCTS_DIR; };
		30F4202158E6CB111AD9CF13 /* Info.plist */ = {isa = PBXFileReference; lastKnownFileType = text.plist; path = Info.plist; sourceTree = "<group>"; };
		312F582702BAD6F8DA88E0EA /* HeissRunner.app */ = {isa = PBXFileReference; includeInIndex = 0; lastKnownFileType = wrapper.application; path = HeissRunner.app; sourceTree = BUILT_PRODUCTS_DIR; };
		99740F284BC9B6C6BDE1DF4C /* App.swift */ = {isa = PBXFileReference; lastKnownFileType = sourcecode.swift; path = App.swift; sourceTree = "<group>"; };
		F11EDE42425C8EF1F33673AC /* ControlServer.swift */ = {isa = PBXFileReference; lastKnownFileType = sourcecode.swift; path = ControlServer.swift; sourceTree = "<group>"; };
		FBD98E49E77055AB9BDC7FEB /* HeissRunnerUITests.swift */ = {isa = PBXFileReference; lastKnownFileType = sourcecode.swift; path = HeissRunnerUITests.swift; sourceTree = "<group>"; };
/* End PBXFileReference section */

/* Begin PBXGroup section */
		2A915C71AFCC6F03DD50080F = {
			isa = PBXGroup;
			children = (
				BD8F18C20DDEE5DFE0241FBC /* Sources */,
				3FE7393FB6687B3DACCCE9E4 /* UITests */,
				836584553C868C8EF9228F26 /* Products */,
			);
			sourceTree = "<group>";
		};
		3FE7393FB6687B3DACCCE9E4 /* UITests */ = {
			isa = PBXGroup;
			children = (
				FBD98E49E77055AB9BDC7FEB /* HeissRunnerUITests.swift */,
			);
			path = UITests;
			sourceTree = "<group>";
		};
		836584553C868C8EF9228F26 /* Products */ = {
			isa = PBXGroup;
			children = (
				312F582702BAD6F8DA88E0EA /* HeissRunner.app */,
				1F0233284175CFDCA25FB4F7 /* HeissRunnerUITests.xctest */,
			);
			name = Products;
			sourceTree = "<group>";
		};
		BD8F18C20DDEE5DFE0241FBC /* Sources */ = {
			isa = PBXGroup;
			children = (
				99740F284BC9B6C6BDE1DF4C /* App.swift */,
				F11EDE42425C8EF1F33673AC /* ControlServer.swift */,
				30F4202158E6CB111AD9CF13 /* Info.plist */,
			);
			path = Sources;
			sourceTree = "<group>";
		};
/* End PBXGroup section */

/* Begin PBXNativeTarget section */
		DDE2B84474FA105D19944712 /* HeissRunner */ = {
			isa = PBXNativeTarget;
			buildConfigurationList = E9AC4ADF351D98004BE4B1AE /* Build configuration list for PBXNativeTarget "HeissRunner" */;
			buildPhases = (
				AFCD27F2535DE98785CDC54B /* Sources */,
			);
			buildRules = (
			);
			dependencies = (
			);
			name = HeissRunner;
			packageProductDependencies = (
			);
			productName = HeissRunner;
			productReference = 312F582702BAD6F8DA88E0EA /* HeissRunner.app */;
			productType = "com.apple.product-type.application";
		};
		E360EF9C918A636600800E30 /* HeissRunnerUITests */ = {
			isa = PBXNativeTarget;
			buildConfigurationList = 59A9CC856CFEE03F16068964 /* Build configuration list for PBXNativeTarget "HeissRunnerUITests" */;
			buildPhases = (
				D66D7ADB612DD69F0AD5DA36 /* Sources */,
			);
			buildRules = (
			);
			dependencies = (
				DF3B45ED4348123A358254F1 /* PBXTargetDependency */,
			);
			name = HeissRunnerUITests;
			packageProductDependencies = (
			);
			productName = HeissRunnerUITests;
			productReference = 1F0233284175CFDCA25FB4F7 /* HeissRunnerUITests.xctest */;
			productType = "com.apple.product-type.bundle.ui-testing";
		};
/* End PBXNativeTarget section */

/* Begin PBXProject section */
		DF56219DB908182DED20696E /* Project object */ = {
			isa = PBXProject;
			attributes = {
				BuildIndependentTargetsInParallel = YES;
				LastUpgradeCheck = 1430;
				TargetAttributes = {
					DDE2B84474FA105D19944712 = {
						ProvisioningStyle = Automatic;
					};
					E360EF9C918A636600800E30 = {
						ProvisioningStyle = Automatic;
						TestTargetID = DDE2B84474FA105D19944712;
					};
				};
			};
			buildConfigurationList = 169667DFC40F9041EAD5B188 /* Build configuration list for PBXProject "HeissRunner" */;
			developmentRegion = en;
			hasScannedForEncodings = 0;
			knownRegions = (
				Base,
				en,
			);
			mainGroup = 2A915C71AFCC6F03DD50080F;
			minimizedProjectReferenceProxies = 1;
			preferredProjectObjectVersion = 77;
			productRefGroup = 836584553C868C8EF9228F26 /* Products */;
			projectDirPath = "";
			projectRoot = "";
			targets = (
				DDE2B84474FA105D19944712 /* HeissRunner */,
				E360EF9C918A636600800E30 /* HeissRunnerUITests */,
			);
		};
/* End PBXProject section */

/* Begin PBXSourcesBuildPhase section */
		AFCD27F2535DE98785CDC54B /* Sources */ = {
			isa = PBXSourcesBuildPhase;
			buildActionMask = 2147483647;
			files = (
				422D8F01DB0D4837D43F8857 /* App.swift in Sources */,
				8C3433B391E5F55A805AC11C /* ControlServer.swift in Sources */,
			);
			runOnlyForDeploymentPostprocessing = 0;
		};
		D66D7ADB612DD69F0AD5DA36 /* Sources */ = {
			isa = PBXSourcesBuildPhase;
			buildActionMask = 2147483647;
			files = (
				8125F7880B327C7B32E81F23 /* HeissRunnerUITests.swift in Sources */,
			);
			runOnlyForDeploymentPostprocessing = 0;
		};
/* End PBXSourcesBuildPhase section */

/* Begin PBXTargetDependency section */
		DF3B45ED4348123A358254F1 /* PBXTargetDependency */ = {
			isa = PBXTargetDependency;
			target = DDE2B84474FA105D19944712 /* HeissRunner */;
			targetProxy = FCBD6ACDC087C07ED7AA2FAD /* PBXContainerItemProxy */;
		};
/* End PBXTargetDependency section */

/* Begin XCBuildConfiguration section */
		000D8896AE98686937776D45 /* Debug */ = {
			isa = XCBuildConfiguration;
			buildSettings = {
				BUNDLE_LOADER = "$(TEST_HOST)";
				CODE_SIGN_STYLE = Automatic;
				LD_RUNPATH_SEARCH_PATHS = (
					"$(inherited)",
					"@executable_path/Frameworks",
					"@loader_path/Frameworks",
				);
				PRODUCT_BUNDLE_IDENTIFIER = so.heiss.runner.uitests;
				SDKROOT = iphoneos;
				TARGETED_DEVICE_FAMILY = "1,2";
				TEST_TARGET_NAME = HeissRunner;
			};
			name = Debug;
		};
		0AB8C157D389CFFA163467FB /* Debug */ = {
			isa = XCBuildConfiguration;
			buildSettings = {
				ASSETCATALOG_COMPILER_APPICON_NAME = AppIcon;
				CODE_SIGN_IDENTITY = "iPhone Developer";
				CODE_SIGN_STYLE = Automatic;
				GENERATE_INFOPLIST_FILE = NO;
				INFOPLIST_FILE = Sources/Info.plist;
				LD_RUNPATH_SEARCH_PATHS = (
					"$(inherited)",
					"@executable_path/Frameworks",
				);
				PRODUCT_BUNDLE_IDENTIFIER = so.heiss.runner;
				SDKROOT = iphoneos;
				TARGETED_DEVICE_FAMILY = 1;
			};
			name = Debug;
		};
		10D6310FAB818784CC304815 /* Release */ = {
			isa = XCBuildConfiguration;
			buildSettings = {
				BUNDLE_LOADER = "$(TEST_HOST)";
				CODE_SIGN_STYLE = Automatic;
				LD_RUNPATH_SEARCH_PATHS = (
					"$(inherited)",
					"@executable_path/Frameworks",
					"@loader_path/Frameworks",
				);
				PRODUCT_BUNDLE_IDENTIFIER = so.heiss.runner.uitests;
				SDKROOT = iphoneos;
				TARGETED_DEVICE_FAMILY = "1,2";
				TEST_TARGET_NAME = HeissRunner;
			};
			name = Release;
		};
		12FC5C56CB9C22220AB5550F /* Release */ = {
			isa = XCBuildConfiguration;
			buildSettings = {
				ASSETCATALOG_COMPILER_APPICON_NAME = AppIcon;
				CODE_SIGN_IDENTITY = "iPhone Developer";
				CODE_SIGN_STYLE = Automatic;
				GENERATE_INFOPLIST_FILE = NO;
				INFOPLIST_FILE = Sources/Info.plist;
				LD_RUNPATH_SEARCH_PATHS = (
					"$(inherited)",
					"@executable_path/Frameworks",
				);
				PRODUCT_BUNDLE_IDENTIFIER = so.heiss.runner;
				SDKROOT = iphoneos;
				TARGETED_DEVICE_FAMILY = 1;
			};
			name = Release;
		};
		1CD391D36080EC2B35633245 /* Debug */ = {
			isa = XCBuildConfiguration;
			buildSettings = {
				ALWAYS_SEARCH_USER_PATHS = NO;
				CLANG_ANALYZER_NONNULL = YES;
				CLANG_ANALYZER_NUMBER_OBJECT_CONVERSION = YES_AGGRESSIVE;
				CLANG_CXX_LANGUAGE_STANDARD = "gnu++14";
				CLANG_CXX_LIBRARY = "libc++";
				CLANG_ENABLE_MODULES = YES;
				CLANG_ENABLE_OBJC_ARC = YES;
				CLANG_ENABLE_OBJC_WEAK = YES;
				CLANG_WARN_BLOCK_CAPTURE_AUTORELEASING = YES;
				CLANG_WARN_BOOL_CONVERSION = YES;
				CLANG_WARN_COMMA = YES;
				CLANG_WARN_CONSTANT_CONVERSION = YES;
				CLANG_WARN_DEPRECATED_OBJC_IMPLEMENTATIONS = YES;
				CLANG_WARN_DIRECT_OBJC_ISA_USAGE = YES_ERROR;
				CLANG_WARN_DOCUMENTATION_COMMENTS = YES;
				CLANG_WARN_EMPTY_BODY = YES;
				CLANG_WARN_ENUM_CONVERSION = YES;
				CLANG_WARN_INFINITE_RECURSION = YES;
				CLANG_WARN_INT_CONVERSION = YES;
				CLANG_WARN_NON_LITERAL_NULL_CONVERSION = YES;
				CLANG_WARN_OBJC_IMPLICIT_RETAIN_SELF = YES;
				CLANG_WARN_OBJC_LITERAL_CONVERSION = YES;
				CLANG_WARN_OBJC_ROOT_CLASS = YES_ERROR;
				CLANG_WARN_QUOTED_INCLUDE_IN_FRAMEWORK_HEADER = YES;
				CLANG_WARN_RANGE_LOOP_ANALYSIS = YES;
				CLANG_WARN_STRICT_PROTOTYPES = YES;
				CLANG_WARN_SUSPICIOUS_MOVE = YES;
				CLANG_WARN_UNGUARDED_AVAILABILITY = YES_AGGRESSIVE;
				CLANG_WARN_UNREACHABLE_CODE = YES;
				CLANG_WARN__DUPLICATE_METHOD_MATCH = YES;
				COPY_PHASE_STRIP = NO;
				DEBUG_INFORMATION_FORMAT = dwarf;
				ENABLE_STRICT_OBJC_MSGSEND = YES;
				ENABLE_TESTABILITY = YES;
				GCC_C_LANGUAGE_STANDARD = gnu11;
				GCC_DYNAMIC_NO_PIC = NO;
				GCC_NO_COMMON_BLOCKS = YES;
				GCC_OPTIMIZATION_LEVEL = 0;
				GCC_PREPROCESSOR_DEFINITIONS = (
					"$(inherited)",
					"DEBUG=1",
				);
				GCC_WARN_64_TO_32_BIT_CONVERSION = YES;
				GCC_WARN_ABOUT_RETURN_TYPE = YES_ERROR;
				GCC_WARN_UNDECLARED_SELECTOR = YES;
				GCC_WARN_UNINITIALIZED_AUTOS = YES_AGGRESSIVE;
				GCC_WARN_UNUSED_FUNCTION = YES;
				GCC_WARN_UNUSED_VARIABLE = YES;
				IPHONEOS_DEPLOYMENT_TARGET = 16.0;
				MTL_ENABLE_DEBUG_INFO = INCLUDE_SOURCE;
				MTL_FAST_MATH = YES;
				ONLY_ACTIVE_ARCH = YES;
				PRODUCT_NAME = "$(TARGET_NAME)";
				SDKROOT = iphoneos;
				SWIFT_ACTIVE_COMPILATION_CONDITIONS = DEBUG;
				SWIFT_OPTIMIZATION_LEVEL = "-Onone";
				SWIFT_VERSION = 5.0;
			};
			name = Debug;
		};
		99C94E746C5274F1A5DA36B7 /* Release */ = {
			isa = XCBuildConfiguration;
			buildSettings = {
				ALWAYS_SEARCH_USER_PATHS = NO;
				CLANG_ANALYZER_NONNULL = YES;
				CLANG_ANALYZER_NUMBER_OBJECT_CONVERSION = YES_AGGRESSIVE;
				CLANG_CXX_LANGUAGE_STANDARD = "gnu++14";
				CLANG_CXX_LIBRARY = "libc++";
				CLANG_ENABLE_MODULES = YES;
				CLANG_ENABLE_OBJC_ARC = YES;
				CLANG_ENABLE_OBJC_WEAK = YES;
				CLANG_WARN_BLOCK_CAPTURE_AUTORELEASING = YES;
				CLANG_WARN_BOOL_CONVERSION = YES;
				CLANG_WARN_COMMA = YES;
				CLANG_WARN_CONSTANT_CONVERSION = YES;
				CLANG_WARN_DEPRECATED_OBJC_IMPLEMENTATIONS = YES;
				CLANG_WARN_DIRECT_OBJC_ISA_USAGE = YES_ERROR;
				CLANG_WARN_DOCUMENTATION_COMMENTS = YES;
				CLANG_WARN_EMPTY_BODY = YES;
				CLANG_WARN_ENUM_CONVERSION = YES;
				CLANG_WARN_INFINITE_RECURSION = YES;
				CLANG_WARN_INT_CONVERSION = YES;
				CLANG_WARN_NON_LITERAL_NULL_CONVERSION = YES;
				CLANG_WARN_OBJC_IMPLICIT_RETAIN_SELF = YES;
				CLANG_WARN_OBJC_LITERAL_CONVERSION = YES;
				CLANG_WARN_OBJC_ROOT_CLASS = YES_ERROR;
				CLANG_WARN_QUOTED_INCLUDE_IN_FRAMEWORK_HEADER = YES;
				CLANG_WARN_RANGE_LOOP_ANALYSIS = YES;
				CLANG_WARN_STRICT_PROTOTYPES = YES;
				CLANG_WARN_SUSPICIOUS_MOVE = YES;
				CLANG_WARN_UNGUARDED_AVAILABILITY = YES_AGGRESSIVE;
				CLANG_WARN_UNREACHABLE_CODE = YES;
				CLANG_WARN__DUPLICATE_METHOD_MATCH = YES;
				COPY_PHASE_STRIP = NO;
				DEBUG_INFORMATION_FORMAT = "dwarf-with-dsym";
				ENABLE_NS_ASSERTIONS = NO;
				ENABLE_STRICT_OBJC_MSGSEND = YES;
				GCC_C_LANGUAGE_STANDARD = gnu11;
				GCC_NO_COMMON_BLOCKS = YES;
				GCC_WARN_64_TO_32_BIT_CONVERSION = YES;
				GCC_WARN_ABOUT_RETURN_TYPE = YES_ERROR;
				GCC_WARN_UNDECLARED_SELECTOR = YES;
				GCC_WARN_UNINITIALIZED_AUTOS = YES_AGGRESSIVE;
				GCC_WARN_UNUSED_FUNCTION = YES;
				GCC_WARN_UNUSED_VARIABLE = YES;
				IPHONEOS_DEPLOYMENT_TARGET = 16.0;
				MTL_ENABLE_DEBUG_INFO = NO;
				MTL_FAST_MATH = YES;
				PRODUCT_NAME = "$(TARGET_NAME)";
				SDKROOT = iphoneos;
				SWIFT_COMPILATION_MODE = wholemodule;
				SWIFT_OPTIMIZATION_LEVEL = "-O";
				SWIFT_VERSION = 5.0;
			};
			name = Release;
		};
/* End XCBuildConfiguration section */

/* Begin XCConfigurationList section */
		169667DFC40F9041EAD5B188 /* Build configuration list for PBXProject "HeissRunner" */ = {
			isa = XCConfigurationList;
			buildConfigurations = (
				1CD391D36080EC2B35633245 /* Debug */,
				99C94E746C5274F1A5DA36B7 /* Release */,
			);
			defaultConfigurationIsVisible = 0;
			defaultConfigurationName = Debug;
		};
		59A9CC856CFEE03F16068964 /* Build configuration list for PBXNativeTarget "HeissRunnerUITests" */ = {
			isa = XCConfigurationList;
			buildConfigurations = (
				000D8896AE98686937776D45 /* Debug */,
				10D6310FAB818784CC304815 /* Release */,
			);
			defaultConfigurationIsVisible = 0;
			defaultConfigurationName = Debug;
		};
		E9AC4ADF351D98004BE4B1AE /* Build configuration list for PBXNativeTarget "HeissRunner" */ = {
			isa = XCConfigurationList;
			buildConfigurations = (
				0AB8C157D389CFFA163467FB /* Debug */,
				12FC5C56CB9C22220AB5550F /* Release */,
			);
			defaultConfigurationIsVisible = 0;
			defaultConfigurationName = Debug;
		};
/* End XCConfigurationList section */
	};
	rootObject = DF56219DB908182DED20696E /* Project object */;
}
